
Microsoft Visual Studio Solution File, Format Version 12.00
# Visual Studio 15
VisualStudioVersion = 15.0.26124.0
MinimumVisualStudioVersion = 15.0.26124.0
Project("{2150E333-8FDC-42A3-9474-1A3956D46DE8}") = "Engine", "Engine", "{203AD46D-AB54-459B-A1E6-F1DFF637F4B4}"
EndProject
Project("{FAE04EC0-301F-11D3-BF4B-00C04F79EFBC}") = "Engine.Contract", "Engine\Engine.Contract\Engine.Contract.csproj", "{20F0B3DB-1757-4491-8A5A-5034F3194336}"
EndProject
Project("{FAE04EC0-301F-11D3-BF4B-00C04F79EFBC}") = "Engine.Core", "Engine\Engine.Core\Engine.Core.csproj", "{AD70578B-9A61-442C-95CF-000B0BA15FA5}"
EndProject
Project("{FAE04EC0-301F-11D3-BF4B-00C04F79EFBC}") = "Engine.Test", "Engine\Engine.Test\Engine.Test.csproj", "{CA11FC03-C741-48F2-903A-ED21BF8BEA54}"
EndProject
Project("{FAE04EC0-301F-11D3-BF4B-00C04F79EFBC}") = "Engine.Service", "Engine\Engine.Service\Engine.Service.csproj", "{7C377867-6382-4E9E-B5E4-8B4E896DEB75}"
EndProject
Project("{2150E333-8FDC-42A3-9474-1A3956D46DE8}") = "Common", "Common", "{2CEEF5A1-4925-4A99-BD41-B6121507CADF}"
EndProject
Project("{FAE04EC0-301F-11D3-BF4B-00C04F79EFBC}") = "EventBus", "Common\EventBus\EventBus.csproj", "{60FA515E-09F2-4F2C-A45A-654EAD22D719}"
EndProject
Project("{FAE04EC0-301F-11D3-BF4B-00C04F79EFBC}") = "PadManager", "PadManager\PadManager.Core\PadManager.csproj", "{7E0B132C-471A-41F1-8A7F-647862B284ED}"
EndProject
Project("{2150E333-8FDC-42A3-9474-1A3956D46DE8}") = "AccountManager", "AccountManager", "{6BCA5C97-680E-48BB-9BCF-249754147AB9}"
EndProject
Project("{FAE04EC0-301F-11D3-BF4B-00C04F79EFBC}") = "Account.Service", "AccountManager\Account.Service\Account.Service.csproj", "{3267004B-15E1-4440-B0EF-1C16330CAA1D}"
EndProject
Project("{2150E333-8FDC-42A3-9474-1A3956D46DE8}") = "Web", "Web", "{D02E642B-FFB9-4E88-B887-E757FD30D943}"
EndProject
Project("{FAE04EC0-301F-11D3-BF4B-00C04F79EFBC}") = "WebSPA", "Web\WebSPA\WebSPA.csproj", "{DEE240DA-3E29-4EA9-AEC1-847A53F7E580}"
EndProject
Global
	GlobalSection(SolutionConfigurationPlatforms) = preSolution
		Debug|Any CPU = Debug|Any CPU
		Debug|x64 = Debug|x64
		Debug|x86 = Debug|x86
		Release|Any CPU = Release|Any CPU
		Release|x64 = Release|x64
		Release|x86 = Release|x86
	EndGlobalSection
	GlobalSection(SolutionProperties) = preSolution
		HideSolutionNode = FALSE
	EndGlobalSection
	GlobalSection(ProjectConfigurationPlatforms) = postSolution
		{20F0B3DB-1757-4491-8A5A-5034F3194336}.Debug|Any CPU.ActiveCfg = Debug|Any CPU
		{20F0B3DB-1757-4491-8A5A-5034F3194336}.Debug|Any CPU.Build.0 = Debug|Any CPU
		{20F0B3DB-1757-4491-8A5A-5034F3194336}.Debug|x64.ActiveCfg = Debug|Any CPU
		{20F0B3DB-1757-4491-8A5A-5034F3194336}.Debug|x64.Build.0 = Debug|Any CPU
		{20F0B3DB-1757-4491-8A5A-5034F3194336}.Debug|x86.ActiveCfg = Debug|Any CPU
		{20F0B3DB-1757-4491-8A5A-5034F3194336}.Debug|x86.Build.0 = Debug|Any CPU
		{20F0B3DB-1757-4491-8A5A-5034F3194336}.Release|Any CPU.ActiveCfg = Release|Any CPU
		{20F0B3DB-1757-4491-8A5A-5034F3194336}.Release|Any CPU.Build.0 = Release|Any CPU
		{20F0B3DB-1757-4491-8A5A-5034F3194336}.Release|x64.ActiveCfg = Release|Any CPU
		{20F0B3DB-1757-4491-8A5A-5034F3194336}.Release|x64.Build.0 = Release|Any CPU
		{20F0B3DB-1757-4491-8A5A-5034F3194336}.Release|x86.ActiveCfg = Release|Any CPU
		{20F0B3DB-1757-4491-8A5A-5034F3194336}.Release|x86.Build.0 = Release|Any CPU
		{AD70578B-9A61-442C-95CF-000B0BA15FA5}.Debug|Any CPU.ActiveCfg = Debug|Any CPU
		{AD70578B-9A61-442C-95CF-000B0BA15FA5}.Debug|Any CPU.Build.0 = Debug|Any CPU
		{AD70578B-9A61-442C-95CF-000B0BA15FA5}.Debug|x64.ActiveCfg = Debug|Any CPU
		{AD70578B-9A61-442C-95CF-000B0BA15FA5}.Debug|x64.Build.0 = Debug|Any CPU
		{AD70578B-9A61-442C-95CF-000B0BA15FA5}.Debug|x86.ActiveCfg = Debug|Any CPU
		{AD70578B-9A61-442C-95CF-000B0BA15FA5}.Debug|x86.Build.0 = Debug|Any CPU
		{AD70578B-9A61-442C-95CF-000B0BA15FA5}.Release|Any CPU.ActiveCfg = Release|Any CPU
		{AD70578B-9A61-442C-95CF-000B0BA15FA5}.Release|Any CPU.Build.0 = Release|Any CPU
		{AD70578B-9A61-442C-95CF-000B0BA15FA5}.Release|x64.ActiveCfg = Release|Any CPU
		{AD70578B-9A61-442C-95CF-000B0BA15FA5}.Release|x64.Build.0 = Release|Any CPU
		{AD70578B-9A61-442C-95CF-000B0BA15FA5}.Release|x86.ActiveCfg = Release|Any CPU
		{AD70578B-9A61-442C-95CF-000B0BA15FA5}.Release|x86.Build.0 = Release|Any CPU
		{CA11FC03-C741-48F2-903A-ED21BF8BEA54}.Debug|Any CPU.ActiveCfg = Debug|Any CPU
		{CA11FC03-C741-48F2-903A-ED21BF8BEA54}.Debug|Any CPU.Build.0 = Debug|Any CPU
		{CA11FC03-C741-48F2-903A-ED21BF8BEA54}.Debug|x64.ActiveCfg = Debug|Any CPU
		{CA11FC03-C741-48F2-903A-ED21BF8BEA54}.Debug|x64.Build.0 = Debug|Any CPU
		{CA11FC03-C741-48F2-903A-ED21BF8BEA54}.Debug|x86.ActiveCfg = Debug|Any CPU
		{CA11FC03-C741-48F2-903A-ED21BF8BEA54}.Debug|x86.Build.0 = Debug|Any CPU
		{CA11FC03-C741-48F2-903A-ED21BF8BEA54}.Release|Any CPU.ActiveCfg = Release|Any CPU
		{CA11FC03-C741-48F2-903A-ED21BF8BEA54}.Release|Any CPU.Build.0 = Release|Any CPU
		{CA11FC03-C741-48F2-903A-ED21BF8BEA54}.Release|x64.ActiveCfg = Release|Any CPU
		{CA11FC03-C741-48F2-903A-ED21BF8BEA54}.Release|x64.Build.0 = Release|Any CPU
		{CA11FC03-C741-48F2-903A-ED21BF8BEA54}.Release|x86.ActiveCfg = Release|Any CPU
		{CA11FC03-C741-48F2-903A-ED21BF8BEA54}.Release|x86.Build.0 = Release|Any CPU
		{7C377867-6382-4E9E-B5E4-8B4E896DEB75}.Debug|Any CPU.ActiveCfg = Debug|Any CPU
		{7C377867-6382-4E9E-B5E4-8B4E896DEB75}.Debug|Any CPU.Build.0 = Debug|Any CPU
		{7C377867-6382-4E9E-B5E4-8B4E896DEB75}.Debug|x64.ActiveCfg = Debug|Any CPU
		{7C377867-6382-4E9E-B5E4-8B4E896DEB75}.Debug|x64.Build.0 = Debug|Any CPU
		{7C377867-6382-4E9E-B5E4-8B4E896DEB75}.Debug|x86.ActiveCfg = Debug|Any CPU
		{7C377867-6382-4E9E-B5E4-8B4E896DEB75}.Debug|x86.Build.0 = Debug|Any CPU
		{7C377867-6382-4E9E-B5E4-8B4E896DEB75}.Release|Any CPU.ActiveCfg = Release|Any CPU
		{7C377867-6382-4E9E-B5E4-8B4E896DEB75}.Release|Any CPU.Build.0 = Release|Any CPU
		{7C377867-6382-4E9E-B5E4-8B4E896DEB75}.Release|x64.ActiveCfg = Release|Any CPU
		{7C377867-6382-4E9E-B5E4-8B4E896DEB75}.Release|x64.Build.0 = Release|Any CPU
		{7C377867-6382-4E9E-B5E4-8B4E896DEB75}.Release|x86.ActiveCfg = Release|Any CPU
		{7C377867-6382-4E9E-B5E4-8B4E896DEB75}.Release|x86.Build.0 = Release|Any CPU
		{60FA515E-09F2-4F2C-A45A-654EAD22D719}.Debug|Any CPU.ActiveCfg = Debug|Any CPU
		{60FA515E-09F2-4F2C-A45A-654EAD22D719}.Debug|Any CPU.Build.0 = Debug|Any CPU
		{60FA515E-09F2-4F2C-A45A-654EAD22D719}.Debug|x64.ActiveCfg = Debug|Any CPU
		{60FA515E-09F2-4F2C-A45A-654EAD22D719}.Debug|x64.Build.0 = Debug|Any CPU
		{60FA515E-09F2-4F2C-A45A-654EAD22D719}.Debug|x86.ActiveCfg = Debug|Any CPU
		{60FA515E-09F2-4F2C-A45A-654EAD22D719}.Debug|x86.Build.0 = Debug|Any CPU
		{60FA515E-09F2-4F2C-A45A-654EAD22D719}.Release|Any CPU.ActiveCfg = Release|Any CPU
		{60FA515E-09F2-4F2C-A45A-654EAD22D719}.Release|Any CPU.Build.0 = Release|Any CPU
		{60FA515E-09F2-4F2C-A45A-654EAD22D719}.Release|x64.ActiveCfg = Release|Any CPU
		{60FA515E-09F2-4F2C-A45A-654EAD22D719}.Release|x64.Build.0 = Release|Any CPU
		{60FA515E-09F2-4F2C-A45A-654EAD22D719}.Release|x86.ActiveCfg = Release|Any CPU
		{60FA515E-09F2-4F2C-A45A-654EAD22D719}.Release|x86.Build.0 = Release|Any CPU
		{7E0B132C-471A-41F1-8A7F-647862B284ED}.Debug|Any CPU.ActiveCfg = Debug|Any CPU
		{7E0B132C-471A-41F1-8A7F-647862B284ED}.Debug|Any CPU.Build.0 = Debug|Any CPU
		{7E0B132C-471A-41F1-8A7F-647862B284ED}.Debug|x64.ActiveCfg = Debug|Any CPU
		{7E0B132C-471A-41F1-8A7F-647862B284ED}.Debug|x64.Build.0 = Debug|Any CPU
		{7E0B132C-471A-41F1-8A7F-647862B284ED}.Debug|x86.ActiveCfg = Debug|Any CPU
		{7E0B132C-471A-41F1-8A7F-647862B284ED}.Debug|x86.Build.0 = Debug|Any CPU
		{7E0B132C-471A-41F1-8A7F-647862B284ED}.Release|Any CPU.ActiveCfg = Release|Any CPU
		{7E0B132C-471A-41F1-8A7F-647862B284ED}.Release|Any CPU.Build.0 = Release|Any CPU
		{7E0B132C-471A-41F1-8A7F-647862B284ED}.Release|x64.ActiveCfg = Release|Any CPU
		{7E0B132C-471A-41F1-8A7F-647862B284ED}.Release|x64.Build.0 = Release|Any CPU
		{7E0B132C-471A-41F1-8A7F-647862B284ED}.Release|x86.ActiveCfg = Release|Any CPU
		{7E0B132C-471A-41F1-8A7F-647862B284ED}.Release|x86.Build.0 = Release|Any CPU
		{3267004B-15E1-4440-B0EF-1C16330CAA1D}.Debug|Any CPU.ActiveCfg = Debug|Any CPU
		{3267004B-15E1-4440-B0EF-1C16330CAA1D}.Debug|Any CPU.Build.0 = Debug|Any CPU
		{3267004B-15E1-4440-B0EF-1C16330CAA1D}.Debug|x64.ActiveCfg = Debug|Any CPU
		{3267004B-15E1-4440-B0EF-1C16330CAA1D}.Debug|x64.Build.0 = Debug|Any CPU
		{3267004B-15E1-4440-B0EF-1C16330CAA1D}.Debug|x86.ActiveCfg = Debug|Any CPU
		{3267004B-15E1-4440-B0EF-1C16330CAA1D}.Debug|x86.Build.0 = Debug|Any CPU
		{3267004B-15E1-4440-B0EF-1C16330CAA1D}.Release|Any CPU.ActiveCfg = Release|Any CPU
		{3267004B-15E1-4440-B0EF-1C16330CAA1D}.Release|Any CPU.Build.0 = Release|Any CPU
		{3267004B-15E1-4440-B0EF-1C16330CAA1D}.Release|x64.ActiveCfg = Release|Any CPU
		{3267004B-15E1-4440-B0EF-1C16330CAA1D}.Release|x64.Build.0 = Release|Any CPU
		{3267004B-15E1-4440-B0EF-1C16330CAA1D}.Release|x86.ActiveCfg = Release|Any CPU
		{3267004B-15E1-4440-B0EF-1C16330CAA1D}.Release|x86.Build.0 = Release|Any CPU
		{DEE240DA-3E29-4EA9-AEC1-847A53F7E580}.Debug|Any CPU.ActiveCfg = Debug|Any CPU
		{DEE240DA-3E29-4EA9-AEC1-847A53F7E580}.Debug|Any CPU.Build.0 = Debug|Any CPU
		{DEE240DA-3E29-4EA9-AEC1-847A53F7E580}.Debug|x64.ActiveCfg = Debug|Any CPU
		{DEE240DA-3E29-4EA9-AEC1-847A53F7E580}.Debug|x64.Build.0 = Debug|Any CPU
		{DEE240DA-3E29-4EA9-AEC1-847A53F7E580}.Debug|x86.ActiveCfg = Debug|Any CPU
		{DEE240DA-3E29-4EA9-AEC1-847A53F7E580}.Debug|x86.Build.0 = Debug|Any CPU
		{DEE240DA-3E29-4EA9-AEC1-847A53F7E580}.Release|Any CPU.ActiveCfg = Release|Any CPU
		{DEE240DA-3E29-4EA9-AEC1-847A53F7E580}.Release|Any CPU.Build.0 = Release|Any CPU
		{DEE240DA-3E29-4EA9-AEC1-847A53F7E580}.Release|x64.ActiveCfg = Release|Any CPU
		{DEE240DA-3E29-4EA9-AEC1-847A53F7E580}.Release|x64.Build.0 = Release|Any CPU
		{DEE240DA-3E29-4EA9-AEC1-847A53F7E580}.Release|x86.ActiveCfg = Release|Any CPU
		{DEE240DA-3E29-4EA9-AEC1-847A53F7E580}.Release|x86.Build.0 = Release|Any CPU
	EndGlobalSection
	GlobalSection(NestedProjects) = preSolution
		{20F0B3DB-1757-4491-8A5A-5034F3194336} = {203AD46D-AB54-459B-A1E6-F1DFF637F4B4}
		{AD70578B-9A61-442C-95CF-000B0BA15FA5} = {203AD46D-AB54-459B-A1E6-F1DFF637F4B4}
		{CA11FC03-C741-48F2-903A-ED21BF8BEA54} = {203AD46D-AB54-459B-A1E6-F1DFF637F4B4}
		{7C377867-6382-4E9E-B5E4-8B4E896DEB75} = {203AD46D-AB54-459B-A1E6-F1DFF637F4B4}
		{60FA515E-09F2-4F2C-A45A-654EAD22D719} = {2CEEF5A1-4925-4A99-BD41-B6121507CADF}
		{3267004B-15E1-4440-B0EF-1C16330CAA1D} = {6BCA5C97-680E-48BB-9BCF-249754147AB9}
		{DEE240DA-3E29-4EA9-AEC1-847A53F7E580} = {D02E642B-FFB9-4E88-B887-E757FD30D943}
	EndGlobalSection
EndGlobal
